github.com/NebulousLabs/merkletree v0.0.0-20181203152040-08d5d54b07f5 h1:pk9SclNGplPbF6YDIDKMhHh9SaUWcoxPkMr7zdu1hfk=
github.com/NebulousLabs/merkletree v0.0.0-20181203152040-08d5d54b07f5/go.mod h1:Cn056wBLKay+uIS9LJn7ymwhgC5mqbOtG6iOhEvyy4M=
github.com/anthdm/hbbft v0.0.0-20190702061856-0826ffdcf567 h1:JOr1EuCNdy6dPzh8c11KHlaoV32YLU747pA7sGD8fz8=
github.com/anthdm/hbbft v0.0.0-20190702061856-0826ffdcf567/go.mod h1:FKqZRGzlmdw/gQJ0T8Hzskxy5Vj0LFT0Rc8Nw1MwX0Q=
github.com/davecgh/go-spew v1.1.1/go.mod h1:J7Y8YcW2NihsgmVo/mv3lAwl/skON4iLHjSsI+c5H38=
github.com/klauspost/cpuid v1.2.1 h1:vJi+O/nMdFt0vqm8NZBI6wzALWdA2X+egi0ogNyrC/w=
github.com/klauspost/cpuid v1.2.1/go.mod h1:Pj4uuM528wm8OyEC2QMXAi2YiTZ96dNQPGgoMS4s3ek=
github.com/klauspost/reedsolomon v1.9.2 h1:E9CMS2Pqbv+C7tsrYad4YC9MfhnMVWhMRsTi7U0UB18=
github.com/klauspost/reedsolomon v1.9.2/go.mod h1:CwCi+NUr9pqSVktrkN+Ondf06rkhYZ/pcNv7fu+8Un4=
github.com/konsorten/go-windows-terminal-sequences v1.0.1 h1:mweAR1A6xJ3oS2pRaGiHgQ4OO8tzTaLawm8vnODuwDk=
github.com/konsorten/go-windows-terminal-sequences v1.0.1/go.mod h1:T0+1ngSBFLxvqU3pZ+m/2kptfBszLMUkC4ZK/EgS/cQ=
github.com/pmezard/go-difflib v1.0.0/go.mod h1:iKH77koFhYxTK1pcRnkKkqfTogsbg7gZNVY4sRDYZ/4=
github.com/sirupsen/logrus v1.4.2 h1:SPIRibHv4MatM3XXNO2BJeFLZwZ2LvZgfQ5+UNI2im4=
github.com/sirupsen/logrus v1.4.2/go.mod h1:tLMulIdttU9McNUspp0xgXVQah82FyeX6MwdIuYE2rE=
github.com/stretchr/objx v0.1.1/go.mod h1:HFkY916IF+rwdDfMAkV7OtwuqBVzrE8GR6GFx+wExME=
github.com/stretchr/testify v1.2.2/go.mod h1:a8OnRcib4nhh0OaRAV+Yts87kKdq0PP7pXfy6kDkUVs=
github.com/yggdrasil-network/yggdrasil-go v0.5.12 h1:SaQ8d59JP+uFy+nOWXTx1ETM5r2uCfe1Gt/d+IodHJw=
github.com/yggdrasil-network/yggdrasil-go v0.5.12/go.mod h1:u4DU6dpTfWmVs8r0WjW1T3UpGyeUh9vRrS8zngvncwM=
golang.org/x/sys v0.0.0-20190422165155-953cdadca894/go.mod h1:h1NjWce9XRLGQEsW7wpKNCjG9DtNlClVuFLEZdDNbEs=
golang.org/x/sys v0.20.0/go.mod h1:/VUhepiaJMQUp4+oa/7Zr1D23ma6VTLIYjOOTFZPUcA=
golang.org/x/sys v0.28.0 h1:Fksou7UEQUWlKvIdsqzJmUmCX3cZuD2+P3XyyzwMhlA=
golang.org/x/sys v0.28.0/go.mod h1:/VUhepiaJMQUp4+oa/7Zr1D23ma6VTLIYjOOTFZPUcA=
suah.dev/protect v1.2.4 h1:iVZG/zQB63FKNpITDYM/cXoAeCTIjCiXHuFVByJFDzg=
suah.dev/protect v1.2.4/go.mod h1:vVrquYO3u1Ep9Ez2z8x+6N6/czm+TBmWKZfiXU2tb54=
